
Microsoft Visual Studio Solution File, Format Version 12.00
# Visual Studio Version 17
VisualStudioVersion = 17.14.36414.22 d17.14
MinimumVisualStudioVersion = 10.0.40219.1
Project("{FAE04EC0-301F-11D3-BF4B-00C04F79EFBC}") = "EjercicioPropuesto", "EjercicioPropuesto\EjercicioPropuesto.csproj", "{FDBE8345-3881-4B8A-ADF9-01B8C6E38B0F}"
EndProject
Global
	GlobalSection(SolutionConfigurationPlatforms) = preSolution
		Debug|Any CPU = Debug|Any CPU
		Release|Any CPU = Release|Any CPU
	EndGlobalSection
	GlobalSection(ProjectConfigurationPlatforms) = postSolution
		{FDBE8345-3881-4B8A-ADF9-01B8C6E38B0F}.Debug|Any CPU.ActiveCfg = Debug|Any CPU
		{FDBE8345-3881-4B8A-ADF9-01B8C6E38B0F}.Debug|Any CPU.Build.0 = Debug|Any CPU
		{FDBE8345-3881-4B8A-ADF9-01B8C6E38B0F}.Release|Any CPU.ActiveCfg = Release|Any CPU
		{FDBE8345-3881-4B8A-ADF9-01B8C6E38B0F}.Release|Any CPU.Build.0 = Release|Any CPU
	EndGlobalSection
	GlobalSection(SolutionProperties) = preSolution
		HideSolutionNode = FALSE
	EndGlobalSection
	GlobalSection(ExtensibilityGlobals) = postSolution
		SolutionGuid = {E26CC37F-9ECE-4256-8BC6-52557E42AD6E}
	EndGlobalSection
EndGlobal
